
Microsoft Visual Studio Solution File, Format Version 12.00
# Visual Studio Version 16
VisualStudioVersion = 16.0.30503.244
MinimumVisualStudioVersion = 10.0.40219.1
Project("{888888A0-9F3D-457C-B088-3A5042F75D52}") = "FlaskApp", "FlaskApp.pyproj", "{98E8DA93-6722-4254-A374-D3AE04FC0889}"
EndProject
Global
	GlobalSection(SolutionConfigurationPlatforms) = preSolution
		Debug|Any CPU = Debug|Any CPU
		Release|Any CPU = Release|Any CPU
	EndGlobalSection
	GlobalSection(ProjectConfigurationPlatforms) = postSolution
		{98E8DA93-6722-4254-A374-D3AE04FC0889}.Debug|Any CPU.ActiveCfg = Debug|Any CPU
		{98E8DA93-6722-4254-A374-D3AE04FC0889}.Debug|Any CPU.Build.0 = Debug|Any CPU
		{98E8DA93-6722-4254-A374-D3AE04FC0889}.Release|Any CPU.ActiveCfg = Release|Any CPU
		{98E8DA93-6722-4254-A374-D3AE04FC0889}.Release|Any CPU.Build.0 = Release|Any CPU
	EndGlobalSection
	GlobalSection(SolutionProperties) = preSolution
		HideSolutionNode = FALSE
	EndGlobalSection
	GlobalSection(ExtensibilityGlobals) = postSolution
		SolutionGuid = {21E8E91D-1FBB-4C8A-8374-0359AF49FB7C}
	EndGlobalSection
EndGlobal
